
Microsoft Visual Studio Solution File, Format Version 12.00
# Visual Studio Version 16
VisualStudioVersion = 16.0.29905.134
MinimumVisualStudioVersion = 10.0.40219.1
Project("{FAE04EC0-301F-11D3-BF4B-00C04F79EFBC}") = "MarketStore", "MarketStore\MarketStore.csproj", "{9E6E24A2-10CC-4E5C-A711-CD940BB4A971}"
EndProject
Global
	GlobalSection(SolutionConfigurationPlatforms) = preSolution
		Debug|Any CPU = Debug|Any CPU
		Release|Any CPU = Release|Any CPU
	EndGlobalSection
	GlobalSection(ProjectConfigurationPlatforms) = postSolution
		{9E6E24A2-10CC-4E5C-A711-CD940BB4A971}.Debug|Any CPU.ActiveCfg = Debug|Any CPU
		{9E6E24A2-10CC-4E5C-A711-CD940BB4A971}.Debug|Any CPU.Build.0 = Debug|Any CPU
		{9E6E24A2-10CC-4E5C-A711-CD940BB4A971}.Release|Any CPU.ActiveCfg = Release|Any CPU
		{9E6E24A2-10CC-4E5C-A711-CD940BB4A971}.Release|Any CPU.Build.0 = Release|Any CPU
	EndGlobalSection
	GlobalSection(SolutionProperties) = preSolution
		HideSolutionNode = FALSE
	EndGlobalSection
	GlobalSection(ExtensibilityGlobals) = postSolution
		SolutionGuid = {0B1C4739-A203-4A0B-A513-5EB7901DC6D6}
	EndGlobalSection
EndGlobal
